<?xml version="1.0" encoding="utf-8"?>
<Project ToolsVersion="4.0" xmlns="http://schemas.microsoft.com/developer/msbuild/2003">
  <ItemGroup>
    <Filter Include="Quelldateien">
      <UniqueIdentifier>{4FC737F1-C7A5-4376-A066-2A32D752A2FF}</UniqueIdentifier>
      <Extensions>cpp;c;cc;cxx;def;odl;idl;hpj;bat;asm;asmx</Extensions>
    </Filter>
    <Filter Include="Headerdateien">
      <UniqueIdentifier>{93995380-89BD-4b04-88EB-625FBE52EBFB}</UniqueIdentifier>
      <Extensions>h;hh;hpp;hxx;hm;inl;inc;xsd</Extensions>
    </Filter>
    <Filter Include="Ressourcendateien">
      <UniqueIdentifier>{67DA6AB6-F800-4c08-8B7A-83BB121AAD01}</UniqueIdentifier>
      <Extensions>rc;ico;cur;bmp;dlg;rc2;rct;bin;rgs;gif;jpg;jpeg;jpe;resx;tiff;tif;png;wav;mfcribbon-ms</Extensions>
    </Filter>
    <Filter Include="Quelldateien\libkindrv">
      <UniqueIdentifier>{68f8759f-2a5b-4aaf-b4ac-6fc78c137cb4}</UniqueIdentifier>
    </Filter>
    <Filter Include="Headerdateien\libkindrv">
      <UniqueIdentifier>{8f6c6e45-fd2e-47e0-9f33-09b662cf8ff3}</UniqueIdentifier>
    </Filter>
    <Filter Include="Quelldateien\arm">
      <UniqueIdentifier>{1793794c-3af2-4a5f-8951-512c84628ee9}</UniqueIdentifier>
    </Filter>
    <Filter Include="Quelldateien\vision">
      <UniqueIdentifier>{a1196fbf-901b-4337-8dc2-f8a48712706e}</UniqueIdentifier>
    </Filter>
    <Filter Include="Headerdateien\vision">
      <UniqueIdentifier>{b179db73-8f1f-407e-b84a-3d9c131bb72a}</UniqueIdentifier>
    </Filter>
    <Filter Include="Headerdateien\arm">
      <UniqueIdentifier>{d855e991-1c53-419b-adfa-325213dccc5f}</UniqueIdentifier>
    </Filter>
  </ItemGroup>
  <ItemGroup>
    <ClCompile Include="external\libkindrv\exception.cpp">
      <Filter>Quelldateien\libkindrv</Filter>
    </ClCompile>
    <ClCompile Include="external\libkindrv\kindrv.cpp">
      <Filter>Quelldateien\libkindrv</Filter>
    </ClCompile>
    <ClCompile Include="src\arm\JacoArm.cpp">
      <Filter>Quelldateien\arm</Filter>
    </ClCompile>
    <ClCompile Include="src\vision\OpenNiVision.cpp">
      <Filter>Quelldateien\vision</Filter>
    </ClCompile>
    <ClCompile Include="src\Kinjo.cpp">
      <Filter>Quelldateien</Filter>
    </ClCompile>
  </ItemGroup>
  <ItemGroup>
    <ClInclude Include="external\libkindrv\exception.h">
      <Filter>Headerdateien\libkindrv</Filter>
    </ClInclude>
    <ClInclude Include="external\libkindrv\kindrv.h">
      <Filter>Headerdateien\libkindrv</Filter>
    </ClInclude>
    <ClInclude Include="external\libkindrv\types.h">
      <Filter>Headerdateien\libkindrv</Filter>
    </ClInclude>
    <ClInclude Include="include\kinjo\arm\Arm.hpp">
      <Filter>Headerdateien\arm</Filter>
    </ClInclude>
    <ClInclude Include="include\kinjo\arm\ArmFactory.hpp">
      <Filter>Headerdateien\arm</Filter>
    </ClInclude>
    <ClInclude Include="include\kinjo\arm\JacoArm.hpp">
      <Filter>Headerdateien\arm</Filter>
    </ClInclude>
    <ClInclude Include="include\kinjo\vision\OpenNiVision.hpp">
      <Filter>Headerdateien\vision</Filter>
    </ClInclude>
    <ClInclude Include="include\kinjo\vision\Vision.hpp">
      <Filter>Headerdateien\vision</Filter>
    </ClInclude>
  </ItemGroup>
</Project>